// !$*UTF8*$!
{
	archiveVersion = 1;
	classes = {
	};
	objectVersion = 46;
	objects = {

/* Begin PBXBuildFile section */
		241927B71DD1A6E4001051F8 /* main.m in Sources */ = {isa = PBXBuildFile; fileRef = 241927B61DD1A6E4001051F8 /* main.m */; };
		241927BA1DD1A6E4001051F8 /* AppDelegate.m in Sources */ = {isa = PBXBuildFile; fileRef = 241927B91DD1A6E4001051F8 /* AppDelegate.m */; };
		241927BD1DD1A6E4001051F8 /* ViewController.m in Sources */ = {isa = PBXBuildFile; fileRef = 241927BC1DD1A6E4001051F8 /* ViewController.m */; };
		241927C01DD1A6E4001051F8 /* Main.storyboard in Resources */ = {isa = PBXBuildFile; fileRef = 241927BE1DD1A6E4001051F8 /* Main.storyboard */; };
		241927C21DD1A6E4001051F8 /* Assets.xcassets in Resources */ = {isa = PBXBuildFile; fileRef = 241927C11DD1A6E4001051F8 /* Assets.xcassets */; };
		241927C51DD1A6E4001051F8 /* LaunchScreen.storyboard in Resources */ = {isa = PBXBuildFile; fileRef = 241927C31DD1A6E4001051F8 /* LaunchScreen.storyboard */; };
		241927D01DD1A6E4001051F8 /* __CategoryOverwriteTests.m in Sources */ = {isa = PBXBuildFile; fileRef = 241927CF1DD1A6E4001051F8 /* __CategoryOverwriteTests.m */; };
		241927E01DD1A83A001051F8 /* CategoryDemoObj.m in Sources */ = {isa = PBXBuildFile; fileRef = 241927DB1DD1A83A001051F8 /* CategoryDemoObj.m */; };
		241927E11DD1A83A001051F8 /* CategoryDemoObj+Test.m in Sources */ = {isa = PBXBuildFile; fileRef = 241927DD1DD1A83A001051F8 /* CategoryDemoObj+Test.m */; };
		241927E21DD1A83A001051F8 /* UIViewController+Test.m in Sources */ = {isa = PBXBuildFile; fileRef = 241927DF1DD1A83A001051F8 /* UIViewController+Test.m */; };
		241927E51DD1A96B001051F8 /* CategoryDemoObj+Test2.m in Sources */ = {isa = PBXBuildFile; fileRef = 241927E41DD1A96B001051F8 /* CategoryDemoObj+Test2.m */; };
/* End PBXBuildFile section */

/* Begin PBXContainerItemProxy section */
		241927CC1DD1A6E4001051F8 /* PBXContainerItemProxy */ = {
			isa = PBXContainerItemProxy;
			containerPortal = 241927AA1DD1A6E4001051F8 /* Project object */;
			proxyType = 1;
			remoteGlobalIDString = 241927B11DD1A6E4001051F8;
			remoteInfo = "1、CategoryOverwrite";
		};
/* End PBXContainerItemProxy section */

/* Begin PBXFileReference section */
		241927B21DD1A6E4001051F8 /* 1、CategoryOverwrite.app */ = {isa = PBXFileReference; explicitFileType = wrapper.application; includeInIndex = 0; path = "1、CategoryOverwrite.app"; sourceTree = BUILT_PRODUCTS_DIR; };
		241927B61DD1A6E4001051F8 /* main.m */ = {isa = PBXFileReference; lastKnownFileType = sourcecode.c.objc; path = main.m; sourceTree = "<group>"; };
		241927B81DD1A6E4001051F8 /* AppDelegate.h */ = {isa = PBXFileReference; lastKnownFileType = sourcecode.c.h; path = AppDelegate.h; sourceTree = "<group>"; };
		241927B91DD1A6E4001051F8 /* AppDelegate.m */ = {isa = PBXFileReference; lastKnownFileType = sourcecode.c.objc; path = AppDelegate.m; sourceTree = "<group>"; };
		241927BB1DD1A6E4001051F8 /* ViewController.h */ = {isa = PBXFileReference; lastKnownFileType = sourcecode.c.h; path = ViewController.h; sourceTree = "<group>"; };
		241927BC1DD1A6E4001051F8 /* ViewController.m */ = {isa = PBXFileReference; lastKnownFileType = sourcecode.c.objc; path = ViewController.m; sourceTree = "<group>"; };
		241927BF1DD1A6E4001051F8 /* Base */ = {isa = PBXFileReference; lastKnownFileType = file.storyboard; name = Base; path = Base.lproj/Main.storyboard; sourceTree = "<group>"; };
		241927C11DD1A6E4001051F8 /* Assets.xcassets */ = {isa = PBXFileReference; lastKnownFileType = folder.assetcatalog; path = Assets.xcassets; sourceTree = "<group>"; };
		241927C41DD1A6E4001051F8 /* Base */ = {isa = PBXFileReference; lastKnownFileType = file.storyboard; name = Base; path = Base.lproj/LaunchScreen.storyboard; sourceTree = "<group>"; };
		241927C61DD1A6E4001051F8 /* Info.plist */ = {isa = PBXFileReference; lastKnownFileType = text.plist.xml; path = Info.plist; sourceTree = "<group>"; };
		241927CB1DD1A6E4001051F8 /* 1、CategoryOverwriteTests.xctest */ = {isa = PBXFileReference; explicitFileType = wrapper.cfbundle; includeInIndex = 0; path = "1、CategoryOverwriteTests.xctest"; sourceTree = BUILT_PRODUCTS_DIR; };
		241927CF1DD1A6E4001051F8 /* __CategoryOverwriteTests.m */ = {isa = PBXFileReference; lastKnownFileType = sourcecode.c.objc; path = __CategoryOverwriteTests.m; sourceTree = "<group>"; };
		241927D11DD1A6E4001051F8 /* Info.plist */ = {isa = PBXFileReference; lastKnownFileType = text.plist.xml; path = Info.plist; sourceTree = "<group>"; };
		241927DA1DD1A83A001051F8 /* CategoryDemoObj.h */ = {isa = PBXFileReference; fileEncoding = 4; lastKnownFileType = sourcecode.c.h; path = CategoryDemoObj.h; sourceTree = "<group>"; };
		241927DB1DD1A83A001051F8 /* CategoryDemoObj.m */ = {isa = PBXFileReference; fileEncoding = 4; lastKnownFileType = sourcecode.c.objc; path = CategoryDemoObj.m; sourceTree = "<group>"; };
		241927DC1DD1A83A001051F8 /* CategoryDemoObj+Test.h */ = {isa = PBXFileReference; fileEncoding = 4; lastKnownFileType = sourcecode.c.h; path = "CategoryDemoObj+Test.h"; sourceTree = "<group>"; };
		241927DD1DD1A83A001051F8 /* CategoryDemoObj+Test.m */ = {isa = PBXFileReference; fileEncoding = 4; lastKnownFileType = sourcecode.c.objc; path = "CategoryDemoObj+Test.m"; sourceTree = "<group>"; };
		241927DE1DD1A83A001051F8 /* UIViewController+Test.h */ = {isa = PBXFileReference; fileEncoding = 4; lastKnownFileType = sourcecode.c.h; path = "UIViewController+Test.h"; sourceTree = "<group>"; };
		241927DF1DD1A83A001051F8 /* UIViewController+Test.m */ = {isa = PBXFileReference; fileEncoding = 4; lastKnownFileType = sourcecode.c.objc; path = "UIViewController+Test.m"; sourceTree = "<group>"; };
		241927E31DD1A96B001051F8 /* CategoryDemoObj+Test2.h */ = {isa = PBXFileReference; fileEncoding = 4; lastKnownFileType = sourcecode.c.h; path = "CategoryDemoObj+Test2.h"; sourceTree = "<group>"; };
		241927E41DD1A96B001051F8 /* CategoryDemoObj+Test2.m */ = {isa = PBXFileReference; fileEncoding = 4; lastKnownFileType = sourcecode.c.objc; path = "CategoryDemoObj+Test2.m"; sourceTree = "<group>"; };
/* End PBXFileReference section */

/* Begin PBXFrameworksBuildPhase section */
		241927AF1DD1A6E4001051F8 /* Frameworks */ = {
			isa = PBXFrameworksBuildPhase;
			buildActionMask = 2147483647;
			files = (
			);
			runOnlyForDeploymentPostprocessing = 0;
		};
		241927C81DD1A6E4001051F8 /* Frameworks */ = {
			isa = PBXFrameworksBuildPhase;
			buildActionMask = 2147483647;
			files = (
			);
			runOnlyForDeploymentPostprocessing = 0;
		};
/* End PBXFrameworksBuildPhase section */

/* Begin PBXGroup section */
		241927A91DD1A6E4001051F8 = {
			isa = PBXGroup;
			children = (
				241927B41DD1A6E4001051F8 /* 1、CategoryOverwrite */,
				241927CE1DD1A6E4001051F8 /* 1、CategoryOverwriteTests */,
				241927B31DD1A6E4001051F8 /* Products */,
			);
			sourceTree = "<group>";
		};
		241927B31DD1A6E4001051F8 /* Products */ = {
			isa = PBXGroup;
			children = (
				241927B21DD1A6E4001051F8 /* 1、CategoryOverwrite.app */,
				241927CB1DD1A6E4001051F8 /* 1、CategoryOverwriteTests.xctest */,
			);
			name = Products;
			sourceTree = "<group>";
		};
		241927B41DD1A6E4001051F8 /* 1、CategoryOverwrite */ = {
			isa = PBXGroup;
			children = (
				241927B81DD1A6E4001051F8 /* AppDelegate.h */,
				241927B91DD1A6E4001051F8 /* AppDelegate.m */,
				241927BB1DD1A6E4001051F8 /* ViewController.h */,
				241927BC1DD1A6E4001051F8 /* ViewController.m */,
				241927DA1DD1A83A001051F8 /* CategoryDemoObj.h */,
				241927DB1DD1A83A001051F8 /* CategoryDemoObj.m */,
				241927DC1DD1A83A001051F8 /* CategoryDemoObj+Test.h */,
				241927DD1DD1A83A001051F8 /* CategoryDemoObj+Test.m */,
				241927E31DD1A96B001051F8 /* CategoryDemoObj+Test2.h */,
				241927E41DD1A96B001051F8 /* CategoryDemoObj+Test2.m */,
				241927DE1DD1A83A001051F8 /* UIViewController+Test.h */,
				241927DF1DD1A83A001051F8 /* UIViewController+Test.m */,
				241927BE1DD1A6E4001051F8 /* Main.storyboard */,
				241927C11DD1A6E4001051F8 /* Assets.xcassets */,
				241927C31DD1A6E4001051F8 /* LaunchScreen.storyboard */,
				241927C61DD1A6E4001051F8 /* Info.plist */,
				241927B51DD1A6E4001051F8 /* Supporting Files */,
			);
			path = "1、CategoryOverwrite";
			sourceTree = "<group>";
		};
		241927B51DD1A6E4001051F8 /* Supporting Files */ = {
			isa = PBXGroup;
			children = (
				241927B61DD1A6E4001051F8 /* main.m */,
			);
			name = "Supporting Files";
			sourceTree = "<group>";
		};
		241927CE1DD1A6E4001051F8 /* 1、CategoryOverwriteTests */ = {
			isa = PBXGroup;
			children = (
				241927CF1DD1A6E4001051F8 /* __CategoryOverwriteTests.m */,
				241927D11DD1A6E4001051F8 /* Info.plist */,
			);
			path = "1、CategoryOverwriteTests";
			sourceTree = "<group>";
		};
/* End PBXGroup section */

/* Begin PBXNativeTarget section */
		241927B11DD1A6E4001051F8 /* 1、CategoryOverwrite */ = {
			isa = PBXNativeTarget;
			buildConfigurationList = 241927D41DD1A6E4001051F8 /* Build configuration list for PBXNativeTarget "1、CategoryOverwrite" */;
			buildPhases = (
				241927AE1DD1A6E4001051F8 /* Sources */,
				241927AF1DD1A6E4001051F8 /* Frameworks */,
				241927B01DD1A6E4001051F8 /* Resources */,
			);
			buildRules = (
			);
			dependencies = (
			);
			name = "1、CategoryOverwrite";
			productName = "1、CategoryOverwrite";
			productReference = 241927B21DD1A6E4001051F8 /* 1、CategoryOverwrite.app */;
			productType = "com.apple.product-type.application";
		};
		241927CA1DD1A6E4001051F8 /* 1、CategoryOverwriteTests */ = {
			isa = PBXNativeTarget;
			buildConfigurationList = 241927D71DD1A6E4001051F8 /* Build configuration list for PBXNativeTarget "1、CategoryOverwriteTests" */;
			buildPhases = (
				241927C71DD1A6E4001051F8 /* Sources */,
				241927C81DD1A6E4001051F8 /* Frameworks */,
				241927C91DD1A6E4001051F8 /* Resources */,
			);
			buildRules = (
			);
			dependencies = (
				241927CD1DD1A6E4001051F8 /* PBXTargetDependency */,
			);
			name = "1、CategoryOverwriteTests";
			productName = "1、CategoryOverwriteTests";
			productReference = 241927CB1DD1A6E4001051F8 /* 1、CategoryOverwriteTests.xctest */;
			productType = "com.apple.product-type.bundle.unit-test";
		};
/* End PBXNativeTarget section */

/* Begin PBXProject section */
		241927AA1DD1A6E4001051F8 /* Project object */ = {
			isa = PBXProject;
			attributes = {
				LastUpgradeCheck = 0810;
				ORGANIZATIONNAME = hjc;
				TargetAttributes = {
					241927B11DD1A6E4001051F8 = {
						CreatedOnToolsVersion = 8.1;
						DevelopmentTeam = N5WRHCE748;
						ProvisioningStyle = Automatic;
					};
					241927CA1DD1A6E4001051F8 = {
						CreatedOnToolsVersion = 8.1;
						ProvisioningStyle = Automatic;
						TestTargetID = 241927B11DD1A6E4001051F8;
					};
				};
			};
			buildConfigurationList = 241927AD1DD1A6E4001051F8 /* Build configuration list for PBXProject "1、CategoryOverwrite" */;
			compatibilityVersion = "Xcode 3.2";
			developmentRegion = English;
			hasScannedForEncodings = 0;
			knownRegions = (
				en,
				Base,
			);
			mainGroup = 241927A91DD1A6E4001051F8;
			productRefGroup = 241927B31DD1A6E4001051F8 /* Products */;
			projectDirPath = "";
			projectRoot = "";
			targets = (
				241927B11DD1A6E4001051F8 /* 1、CategoryOverwrite */,
				241927CA1DD1A6E4001051F8 /* 1、CategoryOverwriteTests */,
			);
		};
/* End PBXProject section */

/* Begin PBXResourcesBuildPhase section */
		241927B01DD1A6E4001051F8 /* Resources */ = {
			isa = PBXResourcesBuildPhase;
			buildActionMask = 2147483647;
			files = (
				241927C51DD1A6E4001051F8 /* LaunchScreen.storyboard in Resources */,
				241927C21DD1A6E4001051F8 /* Assets.xcassets in Resources */,
				241927C01DD1A6E4001051F8 /* Main.storyboard in Resources */,
			);
			runOnlyForDeploymentPostprocessing = 0;
		};
		241927C91DD1A6E4001051F8 /* Resources */ = {
			isa = PBXResourcesBuildPhase;
			buildActionMask = 2147483647;
			files = (
			);
			runOnlyForDeploymentPostprocessing = 0;
		};
/* End PBXResourcesBuildPhase section */

/* Begin PBXSourcesBuildPhase section */
		241927AE1DD1A6E4001051F8 /* Sources */ = {
			isa = PBXSourcesBuildPhase;
			buildActionMask = 2147483647;
			files = (
				241927E21DD1A83A001051F8 /* UIViewController+Test.m in Sources */,
				241927BD1DD1A6E4001051F8 /* ViewController.m in Sources */,
				241927BA1DD1A6E4001051F8 /* AppDelegate.m in Sources */,
				241927E11DD1A83A001051F8 /* CategoryDemoObj+Test.m in Sources */,
				241927E51DD1A96B001051F8 /* CategoryDemoObj+Test2.m in Sources */,
				241927E01DD1A83A001051F8 /* CategoryDemoObj.m in Sources */,
				241927B71DD1A6E4001051F8 /* main.m in Sources */,
			);
			runOnlyForDeploymentPostprocessing = 0;
		};
		241927C71DD1A6E4001051F8 /* Sources */ = {
			isa = PBXSourcesBuildPhase;
			buildActionMask = 2147483647;
			files = (
				241927D01DD1A6E4001051F8 /* __CategoryOverwriteTests.m in Sources */,
			);
			runOnlyForDeploymentPostprocessing = 0;
		};
/* End PBXSourcesBuildPhase section */

/* Begin PBXTargetDependency section */
		241927CD1DD1A6E4001051F8 /* PBXTargetDependency */ = {
			isa = PBXTargetDependency;
			target = 241927B11DD1A6E4001051F8 /* 1、CategoryOverwrite */;
			targetProxy = 241927CC1DD1A6E4001051F8 /* PBXContainerItemProxy */;
		};
/* End PBXTargetDependency section */

/* Begin PBXVariantGroup section */
		241927BE1DD1A6E4001051F8 /* Main.storyboard */ = {
			isa = PBXVariantGroup;
			children = (
				241927BF1DD1A6E4001051F8 /* Base */,
			);
			name = Main.storyboard;
			sourceTree = "<group>";
		};
		241927C31DD1A6E4001051F8 /* LaunchScreen.storyboard */ = {
			isa = PBXVariantGroup;
			children = (
				241927C41DD1A6E4001051F8 /* Base */,
			);
			name = LaunchScreen.storyboard;
			sourceTree = "<group>";
		};
/* End PBXVariantGroup section */

/* Begin XCBuildConfiguration section */
		241927D21DD1A6E4001051F8 /* Debug */ = {
			isa = XCBuildConfiguration;
			buildSettings = {
				ALWAYS_SEARCH_USER_PATHS = NO;
				CLANG_ANALYZER_NONNULL = YES;
				CLANG_CXX_LANGUAGE_STANDARD = "gnu++0x";
				CLANG_CXX_LIBRARY = "libc++";
				CLANG_ENABLE_MODULES = YES;
				CLANG_ENABLE_OBJC_ARC = YES;
				CLANG_WARN_BOOL_CONVERSION = YES;
				CLANG_WARN_CONSTANT_CONVERSION = YES;
				CLANG_WARN_DIRECT_OBJC_ISA_USAGE = YES_ERROR;
				CLANG_WARN_DOCUMENTATION_COMMENTS = YES;
				CLANG_WARN_EMPTY_BODY = YES;
				CLANG_WARN_ENUM_CONVERSION = YES;
				CLANG_WARN_INFINITE_RECURSION = YES;
				CLANG_WARN_INT_CONVERSION = YES;
				CLANG_WARN_OBJC_ROOT_CLASS = YES_ERROR;
				CLANG_WARN_SUSPICIOUS_MOVES = YES;
				CLANG_WARN_UNREACHABLE_CODE = YES;
				CLANG_WARN__DUPLICATE_METHOD_MATCH = YES;
				"CODE_SIGN_IDENTITY[sdk=iphoneos*]" = "iPhone Developer";
				COPY_PHASE_STRIP = NO;
				DEBUG_INFORMATION_FORMAT = dwarf;
				ENABLE_STRICT_OBJC_MSGSEND = YES;
				ENABLE_TESTABILITY = YES;
				GCC_C_LANGUAGE_STANDARD = gnu99;
				GCC_DYNAMIC_NO_PIC = NO;
				GCC_NO_COMMON_BLOCKS = YES;
				GCC_OPTIMIZATION_LEVEL = 0;
				GCC_PREPROCESSOR_DEFINITIONS = (
					"DEBUG=1",
					"$(inherited)",
				);
				GCC_WARN_64_TO_32_BIT_CONVERSION = YES;
				GCC_WARN_ABOUT_RETURN_TYPE = YES_ERROR;
				GCC_WARN_UNDECLARED_SELECTOR = YES;
				GCC_WARN_UNINITIALIZED_AUTOS = YES_AGGRESSIVE;
				GCC_WARN_UNUSED_FUNCTION = YES;
				GCC_WARN_UNUSED_VARIABLE = YES;
				IPHONEOS_DEPLOYMENT_TARGET = 10.1;
				MTL_ENABLE_DEBUG_INFO = YES;
				ONLY_ACTIVE_ARCH = YES;
				SDKROOT = iphoneos;
				TARGETED_DEVICE_FAMILY = "1,2";
			};
			name = Debug;
		};
		241927D31DD1A6E4001051F8 /* Release */ = {
			isa = XCBuildConfiguration;
			buildSettings = {
				ALWAYS_SEARCH_USER_PATHS = NO;
				CLANG_ANALYZER_NONNULL = YES;
				CLANG_CXX_LANGUAGE_STANDARD = "gnu++0x";
				CLANG_CXX_LIBRARY = "libc++";
				CLANG_ENABLE_MODULES = YES;
				CLANG_ENABLE_OBJC_ARC = YES;
				CLANG_WARN_BOOL_CONVERSION = YES;
				CLANG_WARN_CONSTANT_CONVERSION = YES;
				CLANG_WARN_DIRECT_OBJC_ISA_USAGE = YES_ERROR;
				CLANG_WARN_DOCUMENTATION_COMMENTS = YES;
				CLANG_WARN_EMPTY_BODY = YES;
				CLANG_WARN_ENUM_CONVERSION = YES;
				CLANG_WARN_INFINITE_RECURSION = YES;
				CLANG_WARN_INT_CONVERSION = YES;
				CLANG_WARN_OBJC_ROOT_CLASS = YES_ERROR;
				CLANG_WARN_SUSPICIOUS_MOVES = YES;
				CLANG_WARN_UNREACHABLE_CODE = YES;
				CLANG_WARN__DUPLICATE_METHOD_MATCH = YES;
				"CODE_SIGN_IDENTITY[sdk=iphoneos*]" = "iPhone Developer";
				COPY_PHASE_STRIP = NO;
				DEBUG_INFORMATION_FORMAT = "dwarf-with-dsym";
				ENABLE_NS_ASSERTIONS = NO;
				ENABLE_STRICT_OBJC_MSGSEND = YES;
				GCC_C_LANGUAGE_STANDARD = gnu99;
				GCC_NO_COMMON_BLOCKS = YES;
				GCC_WARN_64_TO_32_BIT_CONVERSION = YES;
				GCC_WARN_ABOUT_RETURN_TYPE = YES_ERROR;
				GCC_WARN_UNDECLARED_SELECTOR = YES;
				GCC_WARN_UNINITIALIZED_AUTOS = YES_AGGRESSIVE;
				GCC_WARN_UNUSED_FUNCTION = YES;
				GCC_WARN_UNUSED_VARIABLE = YES;
				IPHONEOS_DEPLOYMENT_TARGET = 10.1;
				MTL_ENABLE_DEBUG_INFO = NO;
				SDKROOT = iphoneos;
				TARGETED_DEVICE_FAMILY = "1,2";
				VALIDATE_PRODUCT = YES;
			};
			name = Release;
		};
		241927D51DD1A6E4001051F8 /* Debug */ = {
			isa = XCBuildConfiguration;
			buildSettings = {
				ASSETCATALOG_COMPILER_APPICON_NAME = AppIcon;
				DEVELOPMENT_TEAM = N5WRHCE748;
				INFOPLIST_FILE = "1、CategoryOverwrite/Info.plist";
				IPHONEOS_DEPLOYMENT_TARGET = 9.0;
				LD_RUNPATH_SEARCH_PATHS = "$(inherited) @executable_path/Frameworks";
				PRODUCT_BUNDLE_IDENTIFIER = com.hehe.CategoryOverwrite;
				PRODUCT_NAME = "$(TARGET_NAME)";
			};
			name = Debug;
		};
		241927D61DD1A6E4001051F8 /* Release */ = {
			isa = XCBuildConfiguration;
			buildSettings = {
				ASSETCATALOG_COMPILER_APPICON_NAME = AppIcon;
				DEVELOPMENT_TEAM = N5WRHCE748;
				INFOPLIST_FILE = "1、CategoryOverwrite/Info.plist";
				IPHONEOS_DEPLOYMENT_TARGET = 9.0;
				LD_RUNPATH_SEARCH_PATHS = "$(inherited) @executable_path/Frameworks";
				PRODUCT_BUNDLE_IDENTIFIER = com.hehe.CategoryOverwrite;
				PRODUCT_NAME = "$(TARGET_NAME)";
			};
			name = Release;
		};
		241927D81DD1A6E4001051F8 /* Debug */ = {
			isa = XCBuildConfiguration;
			buildSettings = {
				BUNDLE_LOADER = "$(TEST_HOST)";
				INFOPLIST_FILE = "1、CategoryOverwriteTests/Info.plist";
				LD_RUNPATH_SEARCH_PATHS = "$(inherited) @executable_path/Frameworks @loader_path/Frameworks";
				PRODUCT_BUNDLE_IDENTIFIER = "com.hehe.--CategoryOverwriteTests";
				PRODUCT_NAME = "$(TARGET_NAME)";
				TEST_HOST = "$(BUILT_PRODUCTS_DIR)/1、CategoryOverwrite.app/1、CategoryOverwrite";
			};
			name = Debug;
		};
		241927D91DD1A6E4001051F8 /* Release */ = {
			isa = XCBuildConfiguration;
			buildSettings = {
				BUNDLE_LOADER = "$(TEST_HOST)";
				INFOPLIST_FILE = "1、CategoryOverwriteTests/Info.plist";
				LD_RUNPATH_SEARCH_PATHS = "$(inherited) @executable_path/Frameworks @loader_path/Frameworks";
				PRODUCT_BUNDLE_IDENTIFIER = "com.hehe.--CategoryOverwriteTests";
				PRODUCT_NAME = "$(TARGET_NAME)";
				TEST_HOST = "$(BUILT_PRODUCTS_DIR)/1、CategoryOverwrite.app/1、CategoryOverwrite";
			};
			name = Release;
		};
/* End XCBuildConfiguration section */

/* Begin XCConfigurationList section */
		241927AD1DD1A6E4001051F8 /* Build configuration list for PBXProject "1、CategoryOverwrite" */ = {
			isa = XCConfigurationList;
			buildConfigurations = (
				241927D21DD1A6E4001051F8 /* Debug */,
				241927D31DD1A6E4001051F8 /* Release */,
			);
			defaultConfigurationIsVisible = 0;
			defaultConfigurationName = Release;
		};
		241927D41DD1A6E4001051F8 /* Build configuration list for PBXNativeTarget "1、CategoryOverwrite" */ = {
			isa = XCConfigurationList;
			buildConfigurations = (
				241927D51DD1A6E4001051F8 /* Debug */,
				241927D61DD1A6E4001051F8 /* Release */,
			);
			defaultConfigurationIsVisible = 0;
			defaultConfigurationName = Release;
		};
		241927D71DD1A6E4001051F8 /* Build configuration list for PBXNativeTarget "1、CategoryOverwriteTests" */ = {
			isa = XCConfigurationList;
			buildConfigurations = (
				241927D81DD1A6E4001051F8 /* Debug */,
				241927D91DD1A6E4001051F8 /* Release */,
			);
			defaultConfigurationIsVisible = 0;
			defaultConfigurationName = Release;
		};
/* End XCConfigurationList section */
	};
	rootObject = 241927AA1DD1A6E4001051F8 /* Project object */;
}
