// !$*UTF8*$!
{
	archiveVersion = 1;
	classes = {
	};
	objectVersion = 46;
	objects = {

/* Begin PBXBuildFile section */
		241927F41DD1ABE0001051F8 /* main.m in Sources */ = {isa = PBXBuildFile; fileRef = 241927F31DD1ABE0001051F8 /* main.m */; };
		241927F71DD1ABE0001051F8 /* AppDelegate.m in Sources */ = {isa = PBXBuildFile; fileRef = 241927F61DD1ABE0001051F8 /* AppDelegate.m */; };
		241927FA1DD1ABE0001051F8 /* ViewController.m in Sources */ = {isa = PBXBuildFile; fileRef = 241927F91DD1ABE0001051F8 /* ViewController.m */; };
		241927FD1DD1ABE0001051F8 /* Main.storyboard in Resources */ = {isa = PBXBuildFile; fileRef = 241927FB1DD1ABE0001051F8 /* Main.storyboard */; };
		241927FF1DD1ABE0001051F8 /* Assets.xcassets in Resources */ = {isa = PBXBuildFile; fileRef = 241927FE1DD1ABE0001051F8 /* Assets.xcassets */; };
		241928021DD1ABE0001051F8 /* LaunchScreen.storyboard in Resources */ = {isa = PBXBuildFile; fileRef = 241928001DD1ABE0001051F8 /* LaunchScreen.storyboard */; };
		2419280B1DD1AC29001051F8 /* Bird.m in Sources */ = {isa = PBXBuildFile; fileRef = 2419280A1DD1AC29001051F8 /* Bird.m */; };
		2419280E1DD1AC68001051F8 /* Eagle.m in Sources */ = {isa = PBXBuildFile; fileRef = 2419280D1DD1AC68001051F8 /* Eagle.m */; };
/* End PBXBuildFile section */

/* Begin PBXFileReference section */
		241927EF1DD1ABE0001051F8 /* 2、LoadAndInitialize.app */ = {isa = PBXFileReference; explicitFileType = wrapper.application; includeInIndex = 0; path = "2、LoadAndInitialize.app"; sourceTree = BUILT_PRODUCTS_DIR; };
		241927F31DD1ABE0001051F8 /* main.m */ = {isa = PBXFileReference; lastKnownFileType = sourcecode.c.objc; path = main.m; sourceTree = "<group>"; };
		241927F51DD1ABE0001051F8 /* AppDelegate.h */ = {isa = PBXFileReference; lastKnownFileType = sourcecode.c.h; path = AppDelegate.h; sourceTree = "<group>"; };
		241927F61DD1ABE0001051F8 /* AppDelegate.m */ = {isa = PBXFileReference; lastKnownFileType = sourcecode.c.objc; path = AppDelegate.m; sourceTree = "<group>"; };
		241927F81DD1ABE0001051F8 /* ViewController.h */ = {isa = PBXFileReference; lastKnownFileType = sourcecode.c.h; path = ViewController.h; sourceTree = "<group>"; };
		241927F91DD1ABE0001051F8 /* ViewController.m */ = {isa = PBXFileReference; lastKnownFileType = sourcecode.c.objc; path = ViewController.m; sourceTree = "<group>"; };
		241927FC1DD1ABE0001051F8 /* Base */ = {isa = PBXFileReference; lastKnownFileType = file.storyboard; name = Base; path = Base.lproj/Main.storyboard; sourceTree = "<group>"; };
		241927FE1DD1ABE0001051F8 /* Assets.xcassets */ = {isa = PBXFileReference; lastKnownFileType = folder.assetcatalog; path = Assets.xcassets; sourceTree = "<group>"; };
		241928011DD1ABE0001051F8 /* Base */ = {isa = PBXFileReference; lastKnownFileType = file.storyboard; name = Base; path = Base.lproj/LaunchScreen.storyboard; sourceTree = "<group>"; };
		241928031DD1ABE0001051F8 /* Info.plist */ = {isa = PBXFileReference; lastKnownFileType = text.plist.xml; path = Info.plist; sourceTree = "<group>"; };
		241928091DD1AC29001051F8 /* Bird.h */ = {isa = PBXFileReference; fileEncoding = 4; lastKnownFileType = sourcecode.c.h; path = Bird.h; sourceTree = "<group>"; };
		2419280A1DD1AC29001051F8 /* Bird.m */ = {isa = PBXFileReference; fileEncoding = 4; lastKnownFileType = sourcecode.c.objc; path = Bird.m; sourceTree = "<group>"; };
		2419280C1DD1AC68001051F8 /* Eagle.h */ = {isa = PBXFileReference; fileEncoding = 4; lastKnownFileType = sourcecode.c.h; path = Eagle.h; sourceTree = "<group>"; };
		2419280D1DD1AC68001051F8 /* Eagle.m */ = {isa = PBXFileReference; fileEncoding = 4; lastKnownFileType = sourcecode.c.objc; path = Eagle.m; sourceTree = "<group>"; };
/* End PBXFileReference section */

/* Begin PBXFrameworksBuildPhase section */
		241927EC1DD1ABE0001051F8 /* Frameworks */ = {
			isa = PBXFrameworksBuildPhase;
			buildActionMask = 2147483647;
			files = (
			);
			runOnlyForDeploymentPostprocessing = 0;
		};
/* End PBXFrameworksBuildPhase section */

/* Begin PBXGroup section */
		241927E61DD1ABE0001051F8 = {
			isa = PBXGroup;
			children = (
				241927F11DD1ABE0001051F8 /* 2、LoadAndInitialize */,
				241927F01DD1ABE0001051F8 /* Products */,
			);
			sourceTree = "<group>";
		};
		241927F01DD1ABE0001051F8 /* Products */ = {
			isa = PBXGroup;
			children = (
				241927EF1DD1ABE0001051F8 /* 2、LoadAndInitialize.app */,
			);
			name = Products;
			sourceTree = "<group>";
		};
		241927F11DD1ABE0001051F8 /* 2、LoadAndInitialize */ = {
			isa = PBXGroup;
			children = (
				241927F51DD1ABE0001051F8 /* AppDelegate.h */,
				241927F61DD1ABE0001051F8 /* AppDelegate.m */,
				241927F81DD1ABE0001051F8 /* ViewController.h */,
				241927F91DD1ABE0001051F8 /* ViewController.m */,
				241928091DD1AC29001051F8 /* Bird.h */,
				2419280A1DD1AC29001051F8 /* Bird.m */,
				2419280C1DD1AC68001051F8 /* Eagle.h */,
				2419280D1DD1AC68001051F8 /* Eagle.m */,
				241927FB1DD1ABE0001051F8 /* Main.storyboard */,
				241927FE1DD1ABE0001051F8 /* Assets.xcassets */,
				241928001DD1ABE0001051F8 /* LaunchScreen.storyboard */,
				241928031DD1ABE0001051F8 /* Info.plist */,
				241927F21DD1ABE0001051F8 /* Supporting Files */,
			);
			path = "2、LoadAndInitialize";
			sourceTree = "<group>";
		};
		241927F21DD1ABE0001051F8 /* Supporting Files */ = {
			isa = PBXGroup;
			children = (
				241927F31DD1ABE0001051F8 /* main.m */,
			);
			name = "Supporting Files";
			sourceTree = "<group>";
		};
/* End PBXGroup section */

/* Begin PBXNativeTarget section */
		241927EE1DD1ABE0001051F8 /* 2、LoadAndInitialize */ = {
			isa = PBXNativeTarget;
			buildConfigurationList = 241928061DD1ABE0001051F8 /* Build configuration list for PBXNativeTarget "2、LoadAndInitialize" */;
			buildPhases = (
				241927EB1DD1ABE0001051F8 /* Sources */,
				241927EC1DD1ABE0001051F8 /* Frameworks */,
				241927ED1DD1ABE0001051F8 /* Resources */,
			);
			buildRules = (
			);
			dependencies = (
			);
			name = "2、LoadAndInitialize";
			productName = "2、LoadAndInitialize";
			productReference = 241927EF1DD1ABE0001051F8 /* 2、LoadAndInitialize.app */;
			productType = "com.apple.product-type.application";
		};
/* End PBXNativeTarget section */

/* Begin PBXProject section */
		241927E71DD1ABE0001051F8 /* Project object */ = {
			isa = PBXProject;
			attributes = {
				LastUpgradeCheck = 0810;
				ORGANIZATIONNAME = hjc;
				TargetAttributes = {
					241927EE1DD1ABE0001051F8 = {
						CreatedOnToolsVersion = 8.1;
						DevelopmentTeam = N5WRHCE748;
						ProvisioningStyle = Automatic;
					};
				};
			};
			buildConfigurationList = 241927EA1DD1ABE0001051F8 /* Build configuration list for PBXProject "2、LoadAndInitialize" */;
			compatibilityVersion = "Xcode 3.2";
			developmentRegion = English;
			hasScannedForEncodings = 0;
			knownRegions = (
				en,
				Base,
			);
			mainGroup = 241927E61DD1ABE0001051F8;
			productRefGroup = 241927F01DD1ABE0001051F8 /* Products */;
			projectDirPath = "";
			projectRoot = "";
			targets = (
				241927EE1DD1ABE0001051F8 /* 2、LoadAndInitialize */,
			);
		};
/* End PBXProject section */

/* Begin PBXResourcesBuildPhase section */
		241927ED1DD1ABE0001051F8 /* Resources */ = {
			isa = PBXResourcesBuildPhase;
			buildActionMask = 2147483647;
			files = (
				241928021DD1ABE0001051F8 /* LaunchScreen.storyboard in Resources */,
				241927FF1DD1ABE0001051F8 /* Assets.xcassets in Resources */,
				241927FD1DD1ABE0001051F8 /* Main.storyboard in Resources */,
			);
			runOnlyForDeploymentPostprocessing = 0;
		};
/* End PBXResourcesBuildPhase section */

/* Begin PBXSourcesBuildPhase section */
		241927EB1DD1ABE0001051F8 /* Sources */ = {
			isa = PBXSourcesBuildPhase;
			buildActionMask = 2147483647;
			files = (
				2419280E1DD1AC68001051F8 /* Eagle.m in Sources */,
				241927FA1DD1ABE0001051F8 /* ViewController.m in Sources */,
				241927F71DD1ABE0001051F8 /* AppDelegate.m in Sources */,
				2419280B1DD1AC29001051F8 /* Bird.m in Sources */,
				241927F41DD1ABE0001051F8 /* main.m in Sources */,
			);
			runOnlyForDeploymentPostprocessing = 0;
		};
/* End PBXSourcesBuildPhase section */

/* Begin PBXVariantGroup section */
		241927FB1DD1ABE0001051F8 /* Main.storyboard */ = {
			isa = PBXVariantGroup;
			children = (
				241927FC1DD1ABE0001051F8 /* Base */,
			);
			name = Main.storyboard;
			sourceTree = "<group>";
		};
		241928001DD1ABE0001051F8 /* LaunchScreen.storyboard */ = {
			isa = PBXVariantGroup;
			children = (
				241928011DD1ABE0001051F8 /* Base */,
			);
			name = LaunchScreen.storyboard;
			sourceTree = "<group>";
		};
/* End PBXVariantGroup section */

/* Begin XCBuildConfiguration section */
		241928041DD1ABE0001051F8 /* Debug */ = {
			isa = XCBuildConfiguration;
			buildSettings = {
				ALWAYS_SEARCH_USER_PATHS = NO;
				CLANG_ANALYZER_NONNULL = YES;
				CLANG_CXX_LANGUAGE_STANDARD = "gnu++0x";
				CLANG_CXX_LIBRARY = "libc++";
				CLANG_ENABLE_MODULES = YES;
				CLANG_ENABLE_OBJC_ARC = YES;
				CLANG_WARN_BOOL_CONVERSION = YES;
				CLANG_WARN_CONSTANT_CONVERSION = YES;
				CLANG_WARN_DIRECT_OBJC_ISA_USAGE = YES_ERROR;
				CLANG_WARN_DOCUMENTATION_COMMENTS = YES;
				CLANG_WARN_EMPTY_BODY = YES;
				CLANG_WARN_ENUM_CONVERSION = YES;
				CLANG_WARN_INFINITE_RECURSION = YES;
				CLANG_WARN_INT_CONVERSION = YES;
				CLANG_WARN_OBJC_ROOT_CLASS = YES_ERROR;
				CLANG_WARN_SUSPICIOUS_MOVES = YES;
				CLANG_WARN_UNREACHABLE_CODE = YES;
				CLANG_WARN__DUPLICATE_METHOD_MATCH = YES;
				"CODE_SIGN_IDENTITY[sdk=iphoneos*]" = "iPhone Developer";
				COPY_PHASE_STRIP = NO;
				DEBUG_INFORMATION_FORMAT = dwarf;
				ENABLE_STRICT_OBJC_MSGSEND = YES;
				ENABLE_TESTABILITY = YES;
				GCC_C_LANGUAGE_STANDARD = gnu99;
				GCC_DYNAMIC_NO_PIC = NO;
				GCC_NO_COMMON_BLOCKS = YES;
				GCC_OPTIMIZATION_LEVEL = 0;
				GCC_PREPROCESSOR_DEFINITIONS = (
					"DEBUG=1",
					"$(inherited)",
				);
				GCC_WARN_64_TO_32_BIT_CONVERSION = YES;
				GCC_WARN_ABOUT_RETURN_TYPE = YES_ERROR;
				GCC_WARN_UNDECLARED_SELECTOR = YES;
				GCC_WARN_UNINITIALIZED_AUTOS = YES_AGGRESSIVE;
				GCC_WARN_UNUSED_FUNCTION = YES;
				GCC_WARN_UNUSED_VARIABLE = YES;
				IPHONEOS_DEPLOYMENT_TARGET = 10.1;
				MTL_ENABLE_DEBUG_INFO = YES;
				ONLY_ACTIVE_ARCH = YES;
				SDKROOT = iphoneos;
				TARGETED_DEVICE_FAMILY = "1,2";
			};
			name = Debug;
		};
		241928051DD1ABE0001051F8 /* Release */ = {
			isa = XCBuildConfiguration;
			buildSettings = {
				ALWAYS_SEARCH_USER_PATHS = NO;
				CLANG_ANALYZER_NONNULL = YES;
				CLANG_CXX_LANGUAGE_STANDARD = "gnu++0x";
				CLANG_CXX_LIBRARY = "libc++";
				CLANG_ENABLE_MODULES = YES;
				CLANG_ENABLE_OBJC_ARC = YES;
				CLANG_WARN_BOOL_CONVERSION = YES;
				CLANG_WARN_CONSTANT_CONVERSION = YES;
				CLANG_WARN_DIRECT_OBJC_ISA_USAGE = YES_ERROR;
				CLANG_WARN_DOCUMENTATION_COMMENTS = YES;
				CLANG_WARN_EMPTY_BODY = YES;
				CLANG_WARN_ENUM_CONVERSION = YES;
				CLANG_WARN_INFINITE_RECURSION = YES;
				CLANG_WARN_INT_CONVERSION = YES;
				CLANG_WARN_OBJC_ROOT_CLASS = YES_ERROR;
				CLANG_WARN_SUSPICIOUS_MOVES = YES;
				CLANG_WARN_UNREACHABLE_CODE = YES;
				CLANG_WARN__DUPLICATE_METHOD_MATCH = YES;
				"CODE_SIGN_IDENTITY[sdk=iphoneos*]" = "iPhone Developer";
				COPY_PHASE_STRIP = NO;
				DEBUG_INFORMATION_FORMAT = "dwarf-with-dsym";
				ENABLE_NS_ASSERTIONS = NO;
				ENABLE_STRICT_OBJC_MSGSEND = YES;
				GCC_C_LANGUAGE_STANDARD = gnu99;
				GCC_NO_COMMON_BLOCKS = YES;
				GCC_WARN_64_TO_32_BIT_CONVERSION = YES;
				GCC_WARN_ABOUT_RETURN_TYPE = YES_ERROR;
				GCC_WARN_UNDECLARED_SELECTOR = YES;
				GCC_WARN_UNINITIALIZED_AUTOS = YES_AGGRESSIVE;
				GCC_WARN_UNUSED_FUNCTION = YES;
				GCC_WARN_UNUSED_VARIABLE = YES;
				IPHONEOS_DEPLOYMENT_TARGET = 10.1;
				MTL_ENABLE_DEBUG_INFO = NO;
				SDKROOT = iphoneos;
				TARGETED_DEVICE_FAMILY = "1,2";
				VALIDATE_PRODUCT = YES;
			};
			name = Release;
		};
		241928071DD1ABE0001051F8 /* Debug */ = {
			isa = XCBuildConfiguration;
			buildSettings = {
				ASSETCATALOG_COMPILER_APPICON_NAME = AppIcon;
				DEVELOPMENT_TEAM = N5WRHCE748;
				INFOPLIST_FILE = "2、LoadAndInitialize/Info.plist";
				LD_RUNPATH_SEARCH_PATHS = "$(inherited) @executable_path/Frameworks";
				PRODUCT_BUNDLE_IDENTIFIER = com.hehe.LoadAndInitialize;
				PRODUCT_NAME = "$(TARGET_NAME)";
			};
			name = Debug;
		};
		241928081DD1ABE0001051F8 /* Release */ = {
			isa = XCBuildConfiguration;
			buildSettings = {
				ASSETCATALOG_COMPILER_APPICON_NAME = AppIcon;
				DEVELOPMENT_TEAM = N5WRHCE748;
				INFOPLIST_FILE = "2、LoadAndInitialize/Info.plist";
				LD_RUNPATH_SEARCH_PATHS = "$(inherited) @executable_path/Frameworks";
				PRODUCT_BUNDLE_IDENTIFIER = com.hehe.LoadAndInitialize;
				PRODUCT_NAME = "$(TARGET_NAME)";
			};
			name = Release;
		};
/* End XCBuildConfiguration section */

/* Begin XCConfigurationList section */
		241927EA1DD1ABE0001051F8 /* Build configuration list for PBXProject "2、LoadAndInitialize" */ = {
			isa = XCConfigurationList;
			buildConfigurations = (
				241928041DD1ABE0001051F8 /* Debug */,
				241928051DD1ABE0001051F8 /* Release */,
			);
			defaultConfigurationIsVisible = 0;
			defaultConfigurationName = Release;
		};
		241928061DD1ABE0001051F8 /* Build configuration list for PBXNativeTarget "2、LoadAndInitialize" */ = {
			isa = XCConfigurationList;
			buildConfigurations = (
				241928071DD1ABE0001051F8 /* Debug */,
				241928081DD1ABE0001051F8 /* Release */,
			);
			defaultConfigurationIsVisible = 0;
		};
/* End XCConfigurationList section */
	};
	rootObject = 241927E71DD1ABE0001051F8 /* Project object */;
}
